{
  "requires": true,
  "lockfileVersion": 1,
  "dependencies": {
    "@kolkov/ngx-gallery": {
      "version": "1.2.0",
      "resolved": "https://registry.npmjs.org/@kolkov/ngx-gallery/-/ngx-gallery-1.2.0.tgz",
      "integrity": "sha512-z54/Km0VEG/dg50nnTjAFWsvjGE/pNXcbseoXqXEvqBDkj/caRAZ8iLbfbgaMuMBbQeKGOT7aTBFfkYr8WiyIw=="
    },
    "ngx-gallery": {
      "version": "5.3.2",
      "resolved": "https://registry.npmjs.org/ngx-gallery/-/ngx-gallery-5.3.2.tgz",
      "integrity": "sha512-hvqbPIR4ONcw5GwwRbOQU8BA9qynYXeWh+LEOzRWkg9kxSOPXVCYvwnWSRXvc8W5GMVj+ks2DcBEBzgcQyKPhg=="
    },
    "ngx-gallery-9": {
      "version": "1.0.6",
      "resolved": "https://registry.npmjs.org/ngx-gallery-9/-/ngx-gallery-9-1.0.6.tgz",
      "integrity": "sha512-+l8QSZi2D37wZct7ZduTqzXMeEAg3zbazyi3sdMlU7oYZ7n8ai7xjC/rN5QTT/w1gwx85LtAonV9RnNFPHGbuw=="
    },
    "tslib": {
      "version": "2.0.0",
      "resolved": "https://registry.npmjs.org/tslib/-/tslib-2.0.0.tgz",
      "integrity": "sha512-lTqkx847PI7xEDYJntxZH89L2/aXInsyF2luSafe/+0fHOMjlBNXdH6th7f70qxLDhul7KZK0zC8V5ZIyHl0/g=="
    },
    "typescript": {
      "version": "3.9.3",
      "resolved": "https://registry.npmjs.org/typescript/-/typescript-3.9.3.tgz",
      "integrity": "sha512-D/wqnB2xzNFIcoBG9FG8cXRDjiqSTbG2wd8DMZeQyJlP1vfTkIxH4GKveWaEBYySKIg+USu+E+EDIR47SqnaMQ=="
    }
  }
}
